// !$*UTF8*$!
{
	archiveVersion = 1;
	classes = {
	};
	objectVersion = 56;
	objects = {

/* Begin PBXBuildFile section */
		2C1438F82978CF0000938694 /* MediaFileCell.swift in Sources */ = {isa = PBXBuildFile; fileRef = 2C1438F62978CF0000938694 /* MediaFileCell.swift */; };
		2C1438F92978CF0000938694 /* MediaFileCell.xib in Resources */ = {isa = PBXBuildFile; fileRef = 2C1438F72978CF0000938694 /* MediaFileCell.xib */; };
		2C25D180297394AD00E38BF6 /* MediaManager.swift in Sources */ = {isa = PBXBuildFile; fileRef = 2C25D17F297394AD00E38BF6 /* MediaManager.swift */; };
		2C25D1822973960600E38BF6 /* FolderManager.swift in Sources */ = {isa = PBXBuildFile; fileRef = 2C25D1812973960600E38BF6 /* FolderManager.swift */; };
		2CA5278E297DAADC00000780 /* MapViewController.swift in Sources */ = {isa = PBXBuildFile; fileRef = 2CA5278D297DAADC00000780 /* MapViewController.swift */; };
		2CA52790297DAAF300000780 /* MapView.storyboard in Resources */ = {isa = PBXBuildFile; fileRef = 2CA5278F297DAAF300000780 /* MapView.storyboard */; };
		2CA52792297DAD0000000780 /* LocationSearchTableViewController.swift in Sources */ = {isa = PBXBuildFile; fileRef = 2CA52791297DAD0000000780 /* LocationSearchTableViewController.swift */; };
		2CA52794297DB54100000780 /* PlaceObject.swift in Sources */ = {isa = PBXBuildFile; fileRef = 2CA52793297DB54100000780 /* PlaceObject.swift */; };
		41995164297F4E4D008EF6B4 /* TaskDetailImageViewCell.swift in Sources */ = {isa = PBXBuildFile; fileRef = 41995163297F4E4D008EF6B4 /* TaskDetailImageViewCell.swift */; };
		41995168297F4EE9008EF6B4 /* TaskDetailImageViewCell.xib in Resources */ = {isa = PBXBuildFile; fileRef = 41995167297F4EE9008EF6B4 /* TaskDetailImageViewCell.xib */; };
		9945FB6529709BCB005463ED /* AppDelegate.swift in Sources */ = {isa = PBXBuildFile; fileRef = 9945FB6429709BCB005463ED /* AppDelegate.swift */; };
		9945FB6729709BCB005463ED /* SceneDelegate.swift in Sources */ = {isa = PBXBuildFile; fileRef = 9945FB6629709BCB005463ED /* SceneDelegate.swift */; };
		9945FB6929709BCB005463ED /* TaskListViewController.swift in Sources */ = {isa = PBXBuildFile; fileRef = 9945FB6829709BCB005463ED /* TaskListViewController.swift */; };
		9945FB6C29709BCB005463ED /* TaskList.storyboard in Resources */ = {isa = PBXBuildFile; fileRef = 9945FB6A29709BCB005463ED /* TaskList.storyboard */; };
		9945FB6E29709BCC005463ED /* Assets.xcassets in Resources */ = {isa = PBXBuildFile; fileRef = 9945FB6D29709BCC005463ED /* Assets.xcassets */; };
		9945FB7129709BCC005463ED /* LaunchScreen.storyboard in Resources */ = {isa = PBXBuildFile; fileRef = 9945FB6F29709BCC005463ED /* LaunchScreen.storyboard */; };
		9949B63229713F1600BA0FFB /* DataModel.xcdatamodeld in Sources */ = {isa = PBXBuildFile; fileRef = 9949B63029713F1600BA0FFB /* DataModel.xcdatamodeld */; };
		9993B8A229762D9B00C96C61 /* CategoryList.storyboard in Resources */ = {isa = PBXBuildFile; fileRef = 9993B8A129762D9B00C96C61 /* CategoryList.storyboard */; };
		9993B8A629762DC900C96C61 /* TaskAddEdit.storyboard in Resources */ = {isa = PBXBuildFile; fileRef = 9993B8A529762DC900C96C61 /* TaskAddEdit.storyboard */; };
		9993B8A829762DD200C96C61 /* TaskDetails.storyboard in Resources */ = {isa = PBXBuildFile; fileRef = 9993B8A729762DD200C96C61 /* TaskDetails.storyboard */; };
		9993B8AB29762E4900C96C61 /* CategoryListViewController.swift in Sources */ = {isa = PBXBuildFile; fileRef = 9993B8AA29762E4900C96C61 /* CategoryListViewController.swift */; };
		9993B8AD29762E5700C96C61 /* TaskAddEditViewController.swift in Sources */ = {isa = PBXBuildFile; fileRef = 9993B8AC29762E5700C96C61 /* TaskAddEditViewController.swift */; };
		9993B8AF29762E6400C96C61 /* TaskDetailsViewController.swift in Sources */ = {isa = PBXBuildFile; fileRef = 9993B8AE29762E6400C96C61 /* TaskDetailsViewController.swift */; };
		99B8DC59297E1C3200A06BB2 /* DatePicker.swift in Sources */ = {isa = PBXBuildFile; fileRef = 99B8DC58297E1C3200A06BB2 /* DatePicker.swift */; };
		99B8DC5B297E1EA800A06BB2 /* Colors.xcassets in Resources */ = {isa = PBXBuildFile; fileRef = 99B8DC5A297E1EA800A06BB2 /* Colors.xcassets */; };
		99B8DC5D297E20D200A06BB2 /* UIColorExtension.swift in Sources */ = {isa = PBXBuildFile; fileRef = 99B8DC5C297E20D200A06BB2 /* UIColorExtension.swift */; };
/* End PBXBuildFile section */

/* Begin PBXFileReference section */
		2C1438F62978CF0000938694 /* MediaFileCell.swift */ = {isa = PBXFileReference; lastKnownFileType = sourcecode.swift; path = MediaFileCell.swift; sourceTree = "<group>"; };
		2C1438F72978CF0000938694 /* MediaFileCell.xib */ = {isa = PBXFileReference; lastKnownFileType = file.xib; path = MediaFileCell.xib; sourceTree = "<group>"; };
		2C25D17F297394AD00E38BF6 /* MediaManager.swift */ = {isa = PBXFileReference; lastKnownFileType = sourcecode.swift; path = MediaManager.swift; sourceTree = "<group>"; };
		2C25D1812973960600E38BF6 /* FolderManager.swift */ = {isa = PBXFileReference; lastKnownFileType = sourcecode.swift; path = FolderManager.swift; sourceTree = "<group>"; };
		2CA5278D297DAADC00000780 /* MapViewController.swift */ = {isa = PBXFileReference; lastKnownFileType = sourcecode.swift; path = MapViewController.swift; sourceTree = "<group>"; };
		2CA5278F297DAAF300000780 /* MapView.storyboard */ = {isa = PBXFileReference; lastKnownFileType = file.storyboard; path = MapView.storyboard; sourceTree = "<group>"; };
		2CA52791297DAD0000000780 /* LocationSearchTableViewController.swift */ = {isa = PBXFileReference; lastKnownFileType = sourcecode.swift; path = LocationSearchTableViewController.swift; sourceTree = "<group>"; };
		2CA52793297DB54100000780 /* PlaceObject.swift */ = {isa = PBXFileReference; lastKnownFileType = sourcecode.swift; path = PlaceObject.swift; sourceTree = "<group>"; };
		41995163297F4E4D008EF6B4 /* TaskDetailImageViewCell.swift */ = {isa = PBXFileReference; lastKnownFileType = sourcecode.swift; path = TaskDetailImageViewCell.swift; sourceTree = "<group>"; };
		41995167297F4EE9008EF6B4 /* TaskDetailImageViewCell.xib */ = {isa = PBXFileReference; lastKnownFileType = file.xib; path = TaskDetailImageViewCell.xib; sourceTree = "<group>"; };
		9945FB6129709BCB005463ED /* Task_TeamSundry_iOS_MAD4114.app */ = {isa = PBXFileReference; explicitFileType = wrapper.application; includeInIndex = 0; path = Task_TeamSundry_iOS_MAD4114.app; sourceTree = BUILT_PRODUCTS_DIR; };
		9945FB6429709BCB005463ED /* AppDelegate.swift */ = {isa = PBXFileReference; lastKnownFileType = sourcecode.swift; path = AppDelegate.swift; sourceTree = "<group>"; };
		9945FB6629709BCB005463ED /* SceneDelegate.swift */ = {isa = PBXFileReference; lastKnownFileType = sourcecode.swift; path = SceneDelegate.swift; sourceTree = "<group>"; };
		9945FB6829709BCB005463ED /* TaskListViewController.swift */ = {isa = PBXFileReference; lastKnownFileType = sourcecode.swift; path = TaskListViewController.swift; sourceTree = "<group>"; };
		9945FB6B29709BCB005463ED /* Base */ = {isa = PBXFileReference; lastKnownFileType = file.storyboard; name = Base; path = Base.lproj/TaskList.storyboard; sourceTree = "<group>"; };
		9945FB6D29709BCC005463ED /* Assets.xcassets */ = {isa = PBXFileReference; lastKnownFileType = folder.assetcatalog; path = Assets.xcassets; sourceTree = "<group>"; };
		9945FB7029709BCC005463ED /* Base */ = {isa = PBXFileReference; lastKnownFileType = file.storyboard; name = Base; path = Base.lproj/LaunchScreen.storyboard; sourceTree = "<group>"; };
		9945FB7229709BCC005463ED /* Info.plist */ = {isa = PBXFileReference; lastKnownFileType = text.plist.xml; path = Info.plist; sourceTree = "<group>"; };
		9949B63129713F1600BA0FFB /* DataModel.xcdatamodel */ = {isa = PBXFileReference; lastKnownFileType = wrapper.xcdatamodel; path = DataModel.xcdatamodel; sourceTree = "<group>"; };
		9993B8A129762D9B00C96C61 /* CategoryList.storyboard */ = {isa = PBXFileReference; lastKnownFileType = file.storyboard; path = CategoryList.storyboard; sourceTree = "<group>"; };
		9993B8A529762DC900C96C61 /* TaskAddEdit.storyboard */ = {isa = PBXFileReference; lastKnownFileType = file.storyboard; path = TaskAddEdit.storyboard; sourceTree = "<group>"; };
		9993B8A729762DD200C96C61 /* TaskDetails.storyboard */ = {isa = PBXFileReference; lastKnownFileType = file.storyboard; path = TaskDetails.storyboard; sourceTree = "<group>"; };
		9993B8AA29762E4900C96C61 /* CategoryListViewController.swift */ = {isa = PBXFileReference; lastKnownFileType = sourcecode.swift; path = CategoryListViewController.swift; sourceTree = "<group>"; };
		9993B8AC29762E5700C96C61 /* TaskAddEditViewController.swift */ = {isa = PBXFileReference; lastKnownFileType = sourcecode.swift; path = TaskAddEditViewController.swift; sourceTree = "<group>"; };
		9993B8AE29762E6400C96C61 /* TaskDetailsViewController.swift */ = {isa = PBXFileReference; lastKnownFileType = sourcecode.swift; path = TaskDetailsViewController.swift; sourceTree = "<group>"; };
		99B8DC58297E1C3200A06BB2 /* DatePicker.swift */ = {isa = PBXFileReference; lastKnownFileType = sourcecode.swift; path = DatePicker.swift; sourceTree = "<group>"; };
		99B8DC5A297E1EA800A06BB2 /* Colors.xcassets */ = {isa = PBXFileReference; lastKnownFileType = folder.assetcatalog; path = Colors.xcassets; sourceTree = "<group>"; };
		99B8DC5C297E20D200A06BB2 /* UIColorExtension.swift */ = {isa = PBXFileReference; lastKnownFileType = sourcecode.swift; path = UIColorExtension.swift; sourceTree = "<group>"; };
/* End PBXFileReference section */

/* Begin PBXFrameworksBuildPhase section */
		9945FB5E29709BCB005463ED /* Frameworks */ = {
			isa = PBXFrameworksBuildPhase;
			buildActionMask = 2147483647;
			files = (
			);
			runOnlyForDeploymentPostprocessing = 0;
		};
/* End PBXFrameworksBuildPhase section */

/* Begin PBXGroup section */
		2C25D17E2973948300E38BF6 /* ManagerFiles */ = {
			isa = PBXGroup;
			children = (
				2C25D17F297394AD00E38BF6 /* MediaManager.swift */,
				2C25D1812973960600E38BF6 /* FolderManager.swift */,
				2CA52793297DB54100000780 /* PlaceObject.swift */,
			);
			path = ManagerFiles;
			sourceTree = "<group>";
		};
		2CA5278B297DAA1800000780 /* MapView */ = {
			isa = PBXGroup;
			children = (
				2CA5278D297DAADC00000780 /* MapViewController.swift */,
				2CA52791297DAD0000000780 /* LocationSearchTableViewController.swift */,
			);
			path = MapView;
			sourceTree = "<group>";
		};
		2CA5278C297DAAA300000780 /* MapView */ = {
			isa = PBXGroup;
			children = (
				2CA5278F297DAAF300000780 /* MapView.storyboard */,
			);
			path = MapView;
			sourceTree = "<group>";
		};
		9945FB5829709BCB005463ED = {
			isa = PBXGroup;
			children = (
				9945FB6329709BCB005463ED /* Task_TeamSundry_iOS_MAD4114 */,
				9945FB6229709BCB005463ED /* Products */,
			);
			sourceTree = "<group>";
		};
		9945FB6229709BCB005463ED /* Products */ = {
			isa = PBXGroup;
			children = (
				9945FB6129709BCB005463ED /* Task_TeamSundry_iOS_MAD4114.app */,
			);
			name = Products;
			sourceTree = "<group>";
		};
		9945FB6329709BCB005463ED /* Task_TeamSundry_iOS_MAD4114 */ = {
			isa = PBXGroup;
			children = (
				2C25D17E2973948300E38BF6 /* ManagerFiles */,
				9949B62929713D2600BA0FFB /* Support Files */,
				9949B62829713CCB00BA0FFB /* Controllers */,
				9949B62729713CBB00BA0FFB /* Views */,
				9949B62629713CB200BA0FFB /* Models */,
				9945FB6429709BCB005463ED /* AppDelegate.swift */,
				9945FB6629709BCB005463ED /* SceneDelegate.swift */,
				9945FB6D29709BCC005463ED /* Assets.xcassets */,
				99B8DC5A297E1EA800A06BB2 /* Colors.xcassets */,
				9945FB6F29709BCC005463ED /* LaunchScreen.storyboard */,
				9945FB7229709BCC005463ED /* Info.plist */,
			);
			path = Task_TeamSundry_iOS_MAD4114;
			sourceTree = "<group>";
		};
		9949B62629713CB200BA0FFB /* Models */ = {
			isa = PBXGroup;
			children = (
				9949B63029713F1600BA0FFB /* DataModel.xcdatamodeld */,
			);
			path = Models;
			sourceTree = "<group>";
		};
		9949B62729713CBB00BA0FFB /* Views */ = {
			isa = PBXGroup;
			children = (
				2CA5278C297DAAA300000780 /* MapView */,
				9993B8A029762D1400C96C61 /* Category List */,
				9949B62F29713E9500BA0FFB /* Task Add Edit */,
				9949B62E29713E8E00BA0FFB /* Task Details */,
				9949B62D29713E8400BA0FFB /* Task List */,
			);
			path = Views;
			sourceTree = "<group>";
		};
		9949B62829713CCB00BA0FFB /* Controllers */ = {
			isa = PBXGroup;
			children = (
				2CA5278B297DAA1800000780 /* MapView */,
				9993B8A929762E2C00C96C61 /* Category List */,
				9949B62C29713E5D00BA0FFB /* Task Add Edit */,
				9949B62B29713E2B00BA0FFB /* Task Details */,
				9949B62A29713E2000BA0FFB /* Task List */,
			);
			path = Controllers;
			sourceTree = "<group>";
		};
		9949B62929713D2600BA0FFB /* Support Files */ = {
			isa = PBXGroup;
			children = (
				99B8DC58297E1C3200A06BB2 /* DatePicker.swift */,
				99B8DC5C297E20D200A06BB2 /* UIColorExtension.swift */,
			);
			path = "Support Files";
			sourceTree = "<group>";
		};
		9949B62A29713E2000BA0FFB /* Task List */ = {
			isa = PBXGroup;
			children = (
				9945FB6829709BCB005463ED /* TaskListViewController.swift */,
			);
			path = "Task List";
			sourceTree = "<group>";
		};
		9949B62B29713E2B00BA0FFB /* Task Details */ = {
			isa = PBXGroup;
			children = (
				9993B8AE29762E6400C96C61 /* TaskDetailsViewController.swift */,
			);
			path = "Task Details";
			sourceTree = "<group>";
		};
		9949B62C29713E5D00BA0FFB /* Task Add Edit */ = {
			isa = PBXGroup;
			children = (
				9993B8AC29762E5700C96C61 /* TaskAddEditViewController.swift */,
				2C1438F62978CF0000938694 /* MediaFileCell.swift */,
				2C1438F72978CF0000938694 /* MediaFileCell.xib */,
			);
			path = "Task Add Edit";
			sourceTree = "<group>";
		};
		9949B62D29713E8400BA0FFB /* Task List */ = {
			isa = PBXGroup;
			children = (
				9945FB6A29709BCB005463ED /* TaskList.storyboard */,
			);
			path = "Task List";
			sourceTree = "<group>";
		};
		9949B62E29713E8E00BA0FFB /* Task Details */ = {
			isa = PBXGroup;
			children = (
				9993B8A729762DD200C96C61 /* TaskDetails.storyboard */,
				41995163297F4E4D008EF6B4 /* TaskDetailImageViewCell.swift */,
				41995167297F4EE9008EF6B4 /* TaskDetailImageViewCell.xib */,
			);
			path = "Task Details";
			sourceTree = "<group>";
		};
		9949B62F29713E9500BA0FFB /* Task Add Edit */ = {
			isa = PBXGroup;
			children = (
				9993B8A529762DC900C96C61 /* TaskAddEdit.storyboard */,
			);
			path = "Task Add Edit";
			sourceTree = "<group>";
		};
		9993B8A029762D1400C96C61 /* Category List */ = {
			isa = PBXGroup;
			children = (
				9993B8A129762D9B00C96C61 /* CategoryList.storyboard */,
			);
			path = "Category List";
			sourceTree = "<group>";
		};
		9993B8A929762E2C00C96C61 /* Category List */ = {
			isa = PBXGroup;
			children = (
				9993B8AA29762E4900C96C61 /* CategoryListViewController.swift */,
			);
			path = "Category List";
			sourceTree = "<group>";
		};
/* End PBXGroup section */

/* Begin PBXNativeTarget section */
		9945FB6029709BCB005463ED /* Task_TeamSundry_iOS_MAD4114 */ = {
			isa = PBXNativeTarget;
			buildConfigurationList = 9945FB7529709BCC005463ED /* Build configuration list for PBXNativeTarget "Task_TeamSundry_iOS_MAD4114" */;
			buildPhases = (
				9945FB5D29709BCB005463ED /* Sources */,
				9945FB5E29709BCB005463ED /* Frameworks */,
				9945FB5F29709BCB005463ED /* Resources */,
			);
			buildRules = (
			);
			dependencies = (
			);
			name = Task_TeamSundry_iOS_MAD4114;
			productName = Task_TeamSundry_iOS_MAD4114;
			productReference = 9945FB6129709BCB005463ED /* Task_TeamSundry_iOS_MAD4114.app */;
			productType = "com.apple.product-type.application";
		};
/* End PBXNativeTarget section */

/* Begin PBXProject section */
		9945FB5929709BCB005463ED /* Project object */ = {
			isa = PBXProject;
			attributes = {
				BuildIndependentTargetsInParallel = 1;
				LastSwiftUpdateCheck = 1420;
				LastUpgradeCheck = 1420;
				TargetAttributes = {
					9945FB6029709BCB005463ED = {
						CreatedOnToolsVersion = 14.2;
					};
				};
			};
			buildConfigurationList = 9945FB5C29709BCB005463ED /* Build configuration list for PBXProject "Task_TeamSundry_iOS_MAD4114" */;
			compatibilityVersion = "Xcode 14.0";
			developmentRegion = en;
			hasScannedForEncodings = 0;
			knownRegions = (
				en,
				Base,
			);
			mainGroup = 9945FB5829709BCB005463ED;
			productRefGroup = 9945FB6229709BCB005463ED /* Products */;
			projectDirPath = "";
			projectRoot = "";
			targets = (
				9945FB6029709BCB005463ED /* Task_TeamSundry_iOS_MAD4114 */,
			);
		};
/* End PBXProject section */

/* Begin PBXResourcesBuildPhase section */
		9945FB5F29709BCB005463ED /* Resources */ = {
			isa = PBXResourcesBuildPhase;
			buildActionMask = 2147483647;
			files = (
				99B8DC5B297E1EA800A06BB2 /* Colors.xcassets in Resources */,
				9993B8A829762DD200C96C61 /* TaskDetails.storyboard in Resources */,
				9993B8A229762D9B00C96C61 /* CategoryList.storyboard in Resources */,
				2CA52790297DAAF300000780 /* MapView.storyboard in Resources */,
				9945FB7129709BCC005463ED /* LaunchScreen.storyboard in Resources */,
				9993B8A629762DC900C96C61 /* TaskAddEdit.storyboard in Resources */,
				41995168297F4EE9008EF6B4 /* TaskDetailImageViewCell.xib in Resources */,
				9945FB6E29709BCC005463ED /* Assets.xcassets in Resources */,
				9945FB6C29709BCB005463ED /* TaskList.storyboard in Resources */,
				2C1438F92978CF0000938694 /* MediaFileCell.xib in Resources */,
			);
			runOnlyForDeploymentPostprocessing = 0;
		};
/* End PBXResourcesBuildPhase section */

/* Begin PBXSourcesBuildPhase section */
		9945FB5D29709BCB005463ED /* Sources */ = {
			isa = PBXSourcesBuildPhase;
			buildActionMask = 2147483647;
			files = (
				2CA52792297DAD0000000780 /* LocationSearchTableViewController.swift in Sources */,
				9993B8AF29762E6400C96C61 /* TaskDetailsViewController.swift in Sources */,
				9993B8AB29762E4900C96C61 /* CategoryListViewController.swift in Sources */,
				2C1438F82978CF0000938694 /* MediaFileCell.swift in Sources */,
				9945FB6929709BCB005463ED /* TaskListViewController.swift in Sources */,
				2CA52794297DB54100000780 /* PlaceObject.swift in Sources */,
				9945FB6929709BCB005463ED /* TaskListViewController.swift in Sources */,
				9949B63229713F1600BA0FFB /* DataModel.xcdatamodeld in Sources */,
				9945FB6529709BCB005463ED /* AppDelegate.swift in Sources */,
				99B8DC5D297E20D200A06BB2 /* UIColorExtension.swift in Sources */,
				2CA5278E297DAADC00000780 /* MapViewController.swift in Sources */,
				2C25D1822973960600E38BF6 /* FolderManager.swift in Sources */,
				9945FB6729709BCB005463ED /* SceneDelegate.swift in Sources */,
				9993B8AD29762E5700C96C61 /* TaskAddEditViewController.swift in Sources */,
				2C25D180297394AD00E38BF6 /* MediaManager.swift in Sources */,
				99B8DC59297E1C3200A06BB2 /* DatePicker.swift in Sources */,
				41995164297F4E4D008EF6B4 /* TaskDetailImageViewCell.swift in Sources */,
			);
			runOnlyForDeploymentPostprocessing = 0;
		};
/* End PBXSourcesBuildPhase section */

/* Begin PBXVariantGroup section */
		9945FB6A29709BCB005463ED /* TaskList.storyboard */ = {
			isa = PBXVariantGroup;
			children = (
				9945FB6B29709BCB005463ED /* Base */,
			);
			name = TaskList.storyboard;
			sourceTree = "<group>";
		};
		9945FB6F29709BCC005463ED /* LaunchScreen.storyboard */ = {
			isa = PBXVariantGroup;
			children = (
				9945FB7029709BCC005463ED /* Base */,
			);
			name = LaunchScreen.storyboard;
			sourceTree = "<group>";
		};
/* End PBXVariantGroup section */

/* Begin XCBuildConfiguration section */
		9945FB7329709BCC005463ED /* Debug */ = {
			isa = XCBuildConfiguration;
			buildSettings = {
				ALWAYS_SEARCH_USER_PATHS = NO;
				CLANG_ANALYZER_NONNULL = YES;
				CLANG_ANALYZER_NUMBER_OBJECT_CONVERSION = YES_AGGRESSIVE;
				CLANG_CXX_LANGUAGE_STANDARD = "gnu++20";
				CLANG_ENABLE_MODULES = YES;
				CLANG_ENABLE_OBJC_ARC = YES;
				CLANG_ENABLE_OBJC_WEAK = YES;
				CLANG_WARN_BLOCK_CAPTURE_AUTORELEASING = YES;
				CLANG_WARN_BOOL_CONVERSION = YES;
				CLANG_WARN_COMMA = YES;
				CLANG_WARN_CONSTANT_CONVERSION = YES;
				CLANG_WARN_DEPRECATED_OBJC_IMPLEMENTATIONS = YES;
				CLANG_WARN_DIRECT_OBJC_ISA_USAGE = YES_ERROR;
				CLANG_WARN_DOCUMENTATION_COMMENTS = YES;
				CLANG_WARN_EMPTY_BODY = YES;
				CLANG_WARN_ENUM_CONVERSION = YES;
				CLANG_WARN_INFINITE_RECURSION = YES;
				CLANG_WARN_INT_CONVERSION = YES;
				CLANG_WARN_NON_LITERAL_NULL_CONVERSION = YES;
				CLANG_WARN_OBJC_IMPLICIT_RETAIN_SELF = YES;
				CLANG_WARN_OBJC_LITERAL_CONVERSION = YES;
				CLANG_WARN_OBJC_ROOT_CLASS = YES_ERROR;
				CLANG_WARN_QUOTED_INCLUDE_IN_FRAMEWORK_HEADER = YES;
				CLANG_WARN_RANGE_LOOP_ANALYSIS = YES;
				CLANG_WARN_STRICT_PROTOTYPES = YES;
				CLANG_WARN_SUSPICIOUS_MOVE = YES;
				CLANG_WARN_UNGUARDED_AVAILABILITY = YES_AGGRESSIVE;
				CLANG_WARN_UNREACHABLE_CODE = YES;
				CLANG_WARN__DUPLICATE_METHOD_MATCH = YES;
				COPY_PHASE_STRIP = NO;
				DEBUG_INFORMATION_FORMAT = dwarf;
				ENABLE_STRICT_OBJC_MSGSEND = YES;
				ENABLE_TESTABILITY = YES;
				GCC_C_LANGUAGE_STANDARD = gnu11;
				GCC_DYNAMIC_NO_PIC = NO;
				GCC_NO_COMMON_BLOCKS = YES;
				GCC_OPTIMIZATION_LEVEL = 0;
				GCC_PREPROCESSOR_DEFINITIONS = (
					"DEBUG=1",
					"$(inherited)",
				);
				GCC_WARN_64_TO_32_BIT_CONVERSION = YES;
				GCC_WARN_ABOUT_RETURN_TYPE = YES_ERROR;
				GCC_WARN_UNDECLARED_SELECTOR = YES;
				GCC_WARN_UNINITIALIZED_AUTOS = YES_AGGRESSIVE;
				GCC_WARN_UNUSED_FUNCTION = YES;
				GCC_WARN_UNUSED_VARIABLE = YES;
				IPHONEOS_DEPLOYMENT_TARGET = 16.2;
				MTL_ENABLE_DEBUG_INFO = INCLUDE_SOURCE;
				MTL_FAST_MATH = YES;
				ONLY_ACTIVE_ARCH = YES;
				SDKROOT = iphoneos;
				SWIFT_ACTIVE_COMPILATION_CONDITIONS = DEBUG;
				SWIFT_OPTIMIZATION_LEVEL = "-Onone";
			};
			name = Debug;
		};
		9945FB7429709BCC005463ED /* Release */ = {
			isa = XCBuildConfiguration;
			buildSettings = {
				ALWAYS_SEARCH_USER_PATHS = NO;
				CLANG_ANALYZER_NONNULL = YES;
				CLANG_ANALYZER_NUMBER_OBJECT_CONVERSION = YES_AGGRESSIVE;
				CLANG_CXX_LANGUAGE_STANDARD = "gnu++20";
				CLANG_ENABLE_MODULES = YES;
				CLANG_ENABLE_OBJC_ARC = YES;
				CLANG_ENABLE_OBJC_WEAK = YES;
				CLANG_WARN_BLOCK_CAPTURE_AUTORELEASING = YES;
				CLANG_WARN_BOOL_CONVERSION = YES;
				CLANG_WARN_COMMA = YES;
				CLANG_WARN_CONSTANT_CONVERSION = YES;
				CLANG_WARN_DEPRECATED_OBJC_IMPLEMENTATIONS = YES;
				CLANG_WARN_DIRECT_OBJC_ISA_USAGE = YES_ERROR;
				CLANG_WARN_DOCUMENTATION_COMMENTS = YES;
				CLANG_WARN_EMPTY_BODY = YES;
				CLANG_WARN_ENUM_CONVERSION = YES;
				CLANG_WARN_INFINITE_RECURSION = YES;
				CLANG_WARN_INT_CONVERSION = YES;
				CLANG_WARN_NON_LITERAL_NULL_CONVERSION = YES;
				CLANG_WARN_OBJC_IMPLICIT_RETAIN_SELF = YES;
				CLANG_WARN_OBJC_LITERAL_CONVERSION = YES;
				CLANG_WARN_OBJC_ROOT_CLASS = YES_ERROR;
				CLANG_WARN_QUOTED_INCLUDE_IN_FRAMEWORK_HEADER = YES;
				CLANG_WARN_RANGE_LOOP_ANALYSIS = YES;
				CLANG_WARN_STRICT_PROTOTYPES = YES;
				CLANG_WARN_SUSPICIOUS_MOVE = YES;
				CLANG_WARN_UNGUARDED_AVAILABILITY = YES_AGGRESSIVE;
				CLANG_WARN_UNREACHABLE_CODE = YES;
				CLANG_WARN__DUPLICATE_METHOD_MATCH = YES;
				COPY_PHASE_STRIP = NO;
				DEBUG_INFORMATION_FORMAT = "dwarf-with-dsym";
				ENABLE_NS_ASSERTIONS = NO;
				ENABLE_STRICT_OBJC_MSGSEND = YES;
				GCC_C_LANGUAGE_STANDARD = gnu11;
				GCC_NO_COMMON_BLOCKS = YES;
				GCC_WARN_64_TO_32_BIT_CONVERSION = YES;
				GCC_WARN_ABOUT_RETURN_TYPE = YES_ERROR;
				GCC_WARN_UNDECLARED_SELECTOR = YES;
				GCC_WARN_UNINITIALIZED_AUTOS = YES_AGGRESSIVE;
				GCC_WARN_UNUSED_FUNCTION = YES;
				GCC_WARN_UNUSED_VARIABLE = YES;
				IPHONEOS_DEPLOYMENT_TARGET = 16.2;
				MTL_ENABLE_DEBUG_INFO = NO;
				MTL_FAST_MATH = YES;
				SDKROOT = iphoneos;
				SWIFT_COMPILATION_MODE = wholemodule;
				SWIFT_OPTIMIZATION_LEVEL = "-O";
				VALIDATE_PRODUCT = YES;
			};
			name = Release;
		};
		9945FB7629709BCC005463ED /* Debug */ = {
			isa = XCBuildConfiguration;
			buildSettings = {
				ASSETCATALOG_COMPILER_APPICON_NAME = AppIcon;
				ASSETCATALOG_COMPILER_GLOBAL_ACCENT_COLOR_NAME = AccentColor;
				CODE_SIGN_STYLE = Automatic;
				CURRENT_PROJECT_VERSION = 1;
				GENERATE_INFOPLIST_FILE = YES;
				INFOPLIST_FILE = Task_TeamSundry_iOS_MAD4114/Info.plist;
				INFOPLIST_KEY_UIApplicationSupportsIndirectInputEvents = YES;
				INFOPLIST_KEY_UILaunchStoryboardName = LaunchScreen;
				INFOPLIST_KEY_UIMainStoryboardFile = CategoryList;
				INFOPLIST_KEY_UISupportedInterfaceOrientations_iPad = "UIInterfaceOrientationPortrait UIInterfaceOrientationPortraitUpsideDown UIInterfaceOrientationLandscapeLeft UIInterfaceOrientationLandscapeRight";
				INFOPLIST_KEY_UISupportedInterfaceOrientations_iPhone = "UIInterfaceOrientationPortrait UIInterfaceOrientationLandscapeLeft UIInterfaceOrientationLandscapeRight";
				IPHONEOS_DEPLOYMENT_TARGET = 16.0;
				LD_RUNPATH_SEARCH_PATHS = (
					"$(inherited)",
					"@executable_path/Frameworks",
				);
				MARKETING_VERSION = 1.0;
				PRODUCT_BUNDLE_IDENTIFIER = "Team-Sundry.Task-TeamSundry-iOS-MAD4114";
				PRODUCT_NAME = "$(TARGET_NAME)";
				SWIFT_EMIT_LOC_STRINGS = YES;
				SWIFT_VERSION = 5.0;
				TARGETED_DEVICE_FAMILY = "1,2";
			};
			name = Debug;
		};
		9945FB7729709BCC005463ED /* Release */ = {
			isa = XCBuildConfiguration;
			buildSettings = {
				ASSETCATALOG_COMPILER_APPICON_NAME = AppIcon;
				ASSETCATALOG_COMPILER_GLOBAL_ACCENT_COLOR_NAME = AccentColor;
				CODE_SIGN_STYLE = Automatic;
				CURRENT_PROJECT_VERSION = 1;
				GENERATE_INFOPLIST_FILE = YES;
				INFOPLIST_FILE = Task_TeamSundry_iOS_MAD4114/Info.plist;
				INFOPLIST_KEY_UIApplicationSupportsIndirectInputEvents = YES;
				INFOPLIST_KEY_UILaunchStoryboardName = LaunchScreen;
				INFOPLIST_KEY_UIMainStoryboardFile = CategoryList;
				INFOPLIST_KEY_UISupportedInterfaceOrientations_iPad = "UIInterfaceOrientationPortrait UIInterfaceOrientationPortraitUpsideDown UIInterfaceOrientationLandscapeLeft UIInterfaceOrientationLandscapeRight";
				INFOPLIST_KEY_UISupportedInterfaceOrientations_iPhone = "UIInterfaceOrientationPortrait UIInterfaceOrientationLandscapeLeft UIInterfaceOrientationLandscapeRight";
				IPHONEOS_DEPLOYMENT_TARGET = 16.0;
				LD_RUNPATH_SEARCH_PATHS = (
					"$(inherited)",
					"@executable_path/Frameworks",
				);
				MARKETING_VERSION = 1.0;
				PRODUCT_BUNDLE_IDENTIFIER = "Team-Sundry.Task-TeamSundry-iOS-MAD4114";
				PRODUCT_NAME = "$(TARGET_NAME)";
				SWIFT_EMIT_LOC_STRINGS = YES;
				SWIFT_VERSION = 5.0;
				TARGETED_DEVICE_FAMILY = "1,2";
			};
			name = Release;
		};
/* End XCBuildConfiguration section */

/* Begin XCConfigurationList section */
		9945FB5C29709BCB005463ED /* Build configuration list for PBXProject "Task_TeamSundry_iOS_MAD4114" */ = {
			isa = XCConfigurationList;
			buildConfigurations = (
				9945FB7329709BCC005463ED /* Debug */,
				9945FB7429709BCC005463ED /* Release */,
			);
			defaultConfigurationIsVisible = 0;
			defaultConfigurationName = Release;
		};
		9945FB7529709BCC005463ED /* Build configuration list for PBXNativeTarget "Task_TeamSundry_iOS_MAD4114" */ = {
			isa = XCConfigurationList;
			buildConfigurations = (
				9945FB7629709BCC005463ED /* Debug */,
				9945FB7729709BCC005463ED /* Release */,
			);
			defaultConfigurationIsVisible = 0;
			defaultConfigurationName = Release;
		};
/* End XCConfigurationList section */

/* Begin XCVersionGroup section */
		9949B63029713F1600BA0FFB /* DataModel.xcdatamodeld */ = {
			isa = XCVersionGroup;
			children = (
				9949B63129713F1600BA0FFB /* DataModel.xcdatamodel */,
			);
			currentVersion = 9949B63129713F1600BA0FFB /* DataModel.xcdatamodel */;
			path = DataModel.xcdatamodeld;
			sourceTree = "<group>";
			versionGroupType = wrapper.xcdatamodel;
		};
/* End XCVersionGroup section */
	};
	rootObject = 9945FB5929709BCB005463ED /* Project object */;
}
